
Microsoft Visual Studio Solution File, Format Version 12.00
# Visual Studio Version 16
VisualStudioVersion = 16.0.31025.194
MinimumVisualStudioVersion = 10.0.40219.1
Project("{FAE04EC0-301F-11D3-BF4B-00C04F79EFBC}") = "SimpleCrud", "SimpleCrud\SimpleCrud.csproj", "{4A152208-5564-4592-9CF5-8F03F1B0C86B}"
EndProject
Global
	GlobalSection(SolutionConfigurationPlatforms) = preSolution
		Debug|Any CPU = Debug|Any CPU
		Release|Any CPU = Release|Any CPU
	EndGlobalSection
	GlobalSection(ProjectConfigurationPlatforms) = postSolution
		{4A152208-5564-4592-9CF5-8F03F1B0C86B}.Debug|Any CPU.ActiveCfg = Debug|Any CPU
		{4A152208-5564-4592-9CF5-8F03F1B0C86B}.Debug|Any CPU.Build.0 = Debug|Any CPU
		{4A152208-5564-4592-9CF5-8F03F1B0C86B}.Release|Any CPU.ActiveCfg = Release|Any CPU
		{4A152208-5564-4592-9CF5-8F03F1B0C86B}.Release|Any CPU.Build.0 = Release|Any CPU
	EndGlobalSection
	GlobalSection(SolutionProperties) = preSolution
		HideSolutionNode = FALSE
	EndGlobalSection
	GlobalSection(ExtensibilityGlobals) = postSolution
		SolutionGuid = {79401BBC-5F60-4A96-AF8E-61020BD86206}
	EndGlobalSection
EndGlobal
